
Microsoft Visual Studio Solution File, Format Version 12.00
# Visual Studio Version 16
VisualStudioVersion = 16.0.28922.388
MinimumVisualStudioVersion = 10.0.40219.1
Project("{FAE04EC0-301F-11D3-BF4B-00C04F79EFBC}") = "MyMVCApplication", "MyMVCApplication\MyMVCApplication.csproj", "{D498A06A-28C0-4FAE-976F-E8FDE7B48CC3}"
EndProject
Global
	GlobalSection(SolutionConfigurationPlatforms) = preSolution
		Debug|Any CPU = Debug|Any CPU
		Release|Any CPU = Release|Any CPU
	EndGlobalSection
	GlobalSection(ProjectConfigurationPlatforms) = postSolution
		{D498A06A-28C0-4FAE-976F-E8FDE7B48CC3}.Debug|Any CPU.ActiveCfg = Debug|Any CPU
		{D498A06A-28C0-4FAE-976F-E8FDE7B48CC3}.Debug|Any CPU.Build.0 = Debug|Any CPU
		{D498A06A-28C0-4FAE-976F-E8FDE7B48CC3}.Release|Any CPU.ActiveCfg = Release|Any CPU
		{D498A06A-28C0-4FAE-976F-E8FDE7B48CC3}.Release|Any CPU.Build.0 = Release|Any CPU
	EndGlobalSection
	GlobalSection(SolutionProperties) = preSolution
		HideSolutionNode = FALSE
	EndGlobalSection
	GlobalSection(ExtensibilityGlobals) = postSolution
		SolutionGuid = {848D82E1-4DB3-438B-B625-AC8E7018663C}
	EndGlobalSection
EndGlobal
